// !$*UTF8*$!
{
	archiveVersion = 1;
	classes = {
	};
	objectVersion = 50;
	objects = {

/* Begin PBXBuildFile section */
		BBC1EBD62658E86D00240A72 /* Observable_DemoApp.swift in Sources */ = {isa = PBXBuildFile; fileRef = BBC1EBD52658E86D00240A72 /* Observable_DemoApp.swift */; };
		BBC1EBD82658E86D00240A72 /* ContentView.swift in Sources */ = {isa = PBXBuildFile; fileRef = BBC1EBD72658E86D00240A72 /* ContentView.swift */; };
		BBC1EBDA2658E86E00240A72 /* Assets.xcassets in Resources */ = {isa = PBXBuildFile; fileRef = BBC1EBD92658E86E00240A72 /* Assets.xcassets */; };
		BBC1EBDD2658E86E00240A72 /* Preview Assets.xcassets in Resources */ = {isa = PBXBuildFile; fileRef = BBC1EBDC2658E86E00240A72 /* Preview Assets.xcassets */; };
		BBC1EBE72658EA7D00240A72 /* Song.swift in Sources */ = {isa = PBXBuildFile; fileRef = BBC1EBE62658EA7D00240A72 /* Song.swift */; };
		BBC1EBF02659701900240A72 /* SongViewModel.swift in Sources */ = {isa = PBXBuildFile; fileRef = BBC1EBEF2659701800240A72 /* SongViewModel.swift */; };
		BBC1EBF52659743400240A72 /* SongsService.swift in Sources */ = {isa = PBXBuildFile; fileRef = BBC1EBF42659743400240A72 /* SongsService.swift */; };
/* End PBXBuildFile section */

/* Begin PBXFileReference section */
		BBC1EBD22658E86D00240A72 /* Observable-Demo.app */ = {isa = PBXFileReference; explicitFileType = wrapper.application; includeInIndex = 0; path = "Observable-Demo.app"; sourceTree = BUILT_PRODUCTS_DIR; };
		BBC1EBD52658E86D00240A72 /* Observable_DemoApp.swift */ = {isa = PBXFileReference; lastKnownFileType = sourcecode.swift; path = Observable_DemoApp.swift; sourceTree = "<group>"; };
		BBC1EBD72658E86D00240A72 /* ContentView.swift */ = {isa = PBXFileReference; lastKnownFileType = sourcecode.swift; path = ContentView.swift; sourceTree = "<group>"; };
		BBC1EBD92658E86E00240A72 /* Assets.xcassets */ = {isa = PBXFileReference; lastKnownFileType = folder.assetcatalog; path = Assets.xcassets; sourceTree = "<group>"; };
		BBC1EBDC2658E86E00240A72 /* Preview Assets.xcassets */ = {isa = PBXFileReference; lastKnownFileType = folder.assetcatalog; path = "Preview Assets.xcassets"; sourceTree = "<group>"; };
		BBC1EBDE2658E86E00240A72 /* Info.plist */ = {isa = PBXFileReference; lastKnownFileType = text.plist.xml; path = Info.plist; sourceTree = "<group>"; };
		BBC1EBE62658EA7D00240A72 /* Song.swift */ = {isa = PBXFileReference; lastKnownFileType = sourcecode.swift; path = Song.swift; sourceTree = "<group>"; };
		BBC1EBEF2659701800240A72 /* SongViewModel.swift */ = {isa = PBXFileReference; lastKnownFileType = sourcecode.swift; path = SongViewModel.swift; sourceTree = "<group>"; };
		BBC1EBF42659743400240A72 /* SongsService.swift */ = {isa = PBXFileReference; lastKnownFileType = sourcecode.swift; path = SongsService.swift; sourceTree = "<group>"; };
/* End PBXFileReference section */

/* Begin PBXFrameworksBuildPhase section */
		BBC1EBCF2658E86D00240A72 /* Frameworks */ = {
			isa = PBXFrameworksBuildPhase;
			buildActionMask = 2147483647;
			files = (
			);
			runOnlyForDeploymentPostprocessing = 0;
		};
/* End PBXFrameworksBuildPhase section */

/* Begin PBXGroup section */
		BBC1EBC92658E86D00240A72 = {
			isa = PBXGroup;
			children = (
				BBC1EBD42658E86D00240A72 /* Observable-Demo */,
				BBC1EBD32658E86D00240A72 /* Products */,
			);
			sourceTree = "<group>";
		};
		BBC1EBD32658E86D00240A72 /* Products */ = {
			isa = PBXGroup;
			children = (
				BBC1EBD22658E86D00240A72 /* Observable-Demo.app */,
			);
			name = Products;
			sourceTree = "<group>";
		};
		BBC1EBD42658E86D00240A72 /* Observable-Demo */ = {
			isa = PBXGroup;
			children = (
				BBC1EBF32659740600240A72 /* ServiceLayer */,
				BBC1EBEE26596FDF00240A72 /* ViewModels */,
				BBC1EBE52658E9A800240A72 /* Models */,
				BBC1EBD52658E86D00240A72 /* Observable_DemoApp.swift */,
				BBC1EBD72658E86D00240A72 /* ContentView.swift */,
				BBC1EBD92658E86E00240A72 /* Assets.xcassets */,
				BBC1EBDE2658E86E00240A72 /* Info.plist */,
				BBC1EBDB2658E86E00240A72 /* Preview Content */,
			);
			path = "Observable-Demo";
			sourceTree = "<group>";
		};
		BBC1EBDB2658E86E00240A72 /* Preview Content */ = {
			isa = PBXGroup;
			children = (
				BBC1EBDC2658E86E00240A72 /* Preview Assets.xcassets */,
			);
			path = "Preview Content";
			sourceTree = "<group>";
		};
		BBC1EBE52658E9A800240A72 /* Models */ = {
			isa = PBXGroup;
			children = (
				BBC1EBE62658EA7D00240A72 /* Song.swift */,
			);
			path = Models;
			sourceTree = "<group>";
		};
		BBC1EBEE26596FDF00240A72 /* ViewModels */ = {
			isa = PBXGroup;
			children = (
				BBC1EBEF2659701800240A72 /* SongViewModel.swift */,
			);
			path = ViewModels;
			sourceTree = "<group>";
		};
		BBC1EBF32659740600240A72 /* ServiceLayer */ = {
			isa = PBXGroup;
			children = (
				BBC1EBF42659743400240A72 /* SongsService.swift */,
			);
			path = ServiceLayer;
			sourceTree = "<group>";
		};
/* End PBXGroup section */

/* Begin PBXNativeTarget section */
		BBC1EBD12658E86D00240A72 /* Observable-Demo */ = {
			isa = PBXNativeTarget;
			buildConfigurationList = BBC1EBE12658E86E00240A72 /* Build configuration list for PBXNativeTarget "Observable-Demo" */;
			buildPhases = (
				BBC1EBCE2658E86D00240A72 /* Sources */,
				BBC1EBCF2658E86D00240A72 /* Frameworks */,
				BBC1EBD02658E86D00240A72 /* Resources */,
			);
			buildRules = (
			);
			dependencies = (
			);
			name = "Observable-Demo";
			productName = "Observable-Demo";
			productReference = BBC1EBD22658E86D00240A72 /* Observable-Demo.app */;
			productType = "com.apple.product-type.application";
		};
/* End PBXNativeTarget section */

/* Begin PBXProject section */
		BBC1EBCA2658E86D00240A72 /* Project object */ = {
			isa = PBXProject;
			attributes = {
				LastSwiftUpdateCheck = 1230;
				LastUpgradeCheck = 1230;
				TargetAttributes = {
					BBC1EBD12658E86D00240A72 = {
						CreatedOnToolsVersion = 12.3;
					};
				};
			};
			buildConfigurationList = BBC1EBCD2658E86D00240A72 /* Build configuration list for PBXProject "Observable-Demo" */;
			compatibilityVersion = "Xcode 9.3";
			developmentRegion = en;
			hasScannedForEncodings = 0;
			knownRegions = (
				en,
				Base,
			);
			mainGroup = BBC1EBC92658E86D00240A72;
			productRefGroup = BBC1EBD32658E86D00240A72 /* Products */;
			projectDirPath = "";
			projectRoot = "";
			targets = (
				BBC1EBD12658E86D00240A72 /* Observable-Demo */,
			);
		};
/* End PBXProject section */

/* Begin PBXResourcesBuildPhase section */
		BBC1EBD02658E86D00240A72 /* Resources */ = {
			isa = PBXResourcesBuildPhase;
			buildActionMask = 2147483647;
			files = (
				BBC1EBDD2658E86E00240A72 /* Preview Assets.xcassets in Resources */,
				BBC1EBDA2658E86E00240A72 /* Assets.xcassets in Resources */,
			);
			runOnlyForDeploymentPostprocessing = 0;
		};
/* End PBXResourcesBuildPhase section */

/* Begin PBXSourcesBuildPhase section */
		BBC1EBCE2658E86D00240A72 /* Sources */ = {
			isa = PBXSourcesBuildPhase;
			buildActionMask = 2147483647;
			files = (
				BBC1EBD82658E86D00240A72 /* ContentView.swift in Sources */,
				BBC1EBF52659743400240A72 /* SongsService.swift in Sources */,
				BBC1EBF02659701900240A72 /* SongViewModel.swift in Sources */,
				BBC1EBE72658EA7D00240A72 /* Song.swift in Sources */,
				BBC1EBD62658E86D00240A72 /* Observable_DemoApp.swift in Sources */,
			);
			runOnlyForDeploymentPostprocessing = 0;
		};
/* End PBXSourcesBuildPhase section */

/* Begin XCBuildConfiguration section */
		BBC1EBDF2658E86E00240A72 /* Debug */ = {
			isa = XCBuildConfiguration;
			buildSettings = {
				ALWAYS_SEARCH_USER_PATHS = NO;
				CLANG_ANALYZER_NONNULL = YES;
				CLANG_ANALYZER_NUMBER_OBJECT_CONVERSION = YES_AGGRESSIVE;
				CLANG_CXX_LANGUAGE_STANDARD = "gnu++14";
				CLANG_CXX_LIBRARY = "libc++";
				CLANG_ENABLE_MODULES = YES;
				CLANG_ENABLE_OBJC_ARC = YES;
				CLANG_ENABLE_OBJC_WEAK = YES;
				CLANG_WARN_BLOCK_CAPTURE_AUTORELEASING = YES;
				CLANG_WARN_BOOL_CONVERSION = YES;
				CLANG_WARN_COMMA = YES;
				CLANG_WARN_CONSTANT_CONVERSION = YES;
				CLANG_WARN_DEPRECATED_OBJC_IMPLEMENTATIONS = YES;
				CLANG_WARN_DIRECT_OBJC_ISA_USAGE = YES_ERROR;
				CLANG_WARN_DOCUMENTATION_COMMENTS = YES;
				CLANG_WARN_EMPTY_BODY = YES;
				CLANG_WARN_ENUM_CONVERSION = YES;
				CLANG_WARN_INFINITE_RECURSION = YES;
				CLANG_WARN_INT_CONVERSION = YES;
				CLANG_WARN_NON_LITERAL_NULL_CONVERSION = YES;
				CLANG_WARN_OBJC_IMPLICIT_RETAIN_SELF = YES;
				CLANG_WARN_OBJC_LITERAL_CONVERSION = YES;
				CLANG_WARN_OBJC_ROOT_CLASS = YES_ERROR;
				CLANG_WARN_QUOTED_INCLUDE_IN_FRAMEWORK_HEADER = YES;
				CLANG_WARN_RANGE_LOOP_ANALYSIS = YES;
				CLANG_WARN_STRICT_PROTOTYPES = YES;
				CLANG_WARN_SUSPICIOUS_MOVE = YES;
				CLANG_WARN_UNGUARDED_AVAILABILITY = YES_AGGRESSIVE;
				CLANG_WARN_UNREACHABLE_CODE = YES;
				CLANG_WARN__DUPLICATE_METHOD_MATCH = YES;
				COPY_PHASE_STRIP = NO;
				DEBUG_INFORMATION_FORMAT = dwarf;
				ENABLE_STRICT_OBJC_MSGSEND = YES;
				ENABLE_TESTABILITY = YES;
				GCC_C_LANGUAGE_STANDARD = gnu11;
				GCC_DYNAMIC_NO_PIC = NO;
				GCC_NO_COMMON_BLOCKS = YES;
				GCC_OPTIMIZATION_LEVEL = 0;
				GCC_PREPROCESSOR_DEFINITIONS = (
					"DEBUG=1",
					"$(inherited)",
				);
				GCC_WARN_64_TO_32_BIT_CONVERSION = YES;
				GCC_WARN_ABOUT_RETURN_TYPE = YES_ERROR;
				GCC_WARN_UNDECLARED_SELECTOR = YES;
				GCC_WARN_UNINITIALIZED_AUTOS = YES_AGGRESSIVE;
				GCC_WARN_UNUSED_FUNCTION = YES;
				GCC_WARN_UNUSED_VARIABLE = YES;
				IPHONEOS_DEPLOYMENT_TARGET = 14.3;
				MTL_ENABLE_DEBUG_INFO = INCLUDE_SOURCE;
				MTL_FAST_MATH = YES;
				ONLY_ACTIVE_ARCH = YES;
				SDKROOT = iphoneos;
				SWIFT_ACTIVE_COMPILATION_CONDITIONS = DEBUG;
				SWIFT_OPTIMIZATION_LEVEL = "-Onone";
			};
			name = Debug;
		};
		BBC1EBE02658E86E00240A72 /* Release */ = {
			isa = XCBuildConfiguration;
			buildSettings = {
				ALWAYS_SEARCH_USER_PATHS = NO;
				CLANG_ANALYZER_NONNULL = YES;
				CLANG_ANALYZER_NUMBER_OBJECT_CONVERSION = YES_AGGRESSIVE;
				CLANG_CXX_LANGUAGE_STANDARD = "gnu++14";
				CLANG_CXX_LIBRARY = "libc++";
				CLANG_ENABLE_MODULES = YES;
				CLANG_ENABLE_OBJC_ARC = YES;
				CLANG_ENABLE_OBJC_WEAK = YES;
				CLANG_WARN_BLOCK_CAPTURE_AUTORELEASING = YES;
				CLANG_WARN_BOOL_CONVERSION = YES;
				CLANG_WARN_COMMA = YES;
				CLANG_WARN_CONSTANT_CONVERSION = YES;
				CLANG_WARN_DEPRECATED_OBJC_IMPLEMENTATIONS = YES;
				CLANG_WARN_DIRECT_OBJC_ISA_USAGE = YES_ERROR;
				CLANG_WARN_DOCUMENTATION_COMMENTS = YES;
				CLANG_WARN_EMPTY_BODY = YES;
				CLANG_WARN_ENUM_CONVERSION = YES;
				CLANG_WARN_INFINITE_RECURSION = YES;
				CLANG_WARN_INT_CONVERSION = YES;
				CLANG_WARN_NON_LITERAL_NULL_CONVERSION = YES;
				CLANG_WARN_OBJC_IMPLICIT_RETAIN_SELF = YES;
				CLANG_WARN_OBJC_LITERAL_CONVERSION = YES;
				CLANG_WARN_OBJC_ROOT_CLASS = YES_ERROR;
				CLANG_WARN_QUOTED_INCLUDE_IN_FRAMEWORK_HEADER = YES;
				CLANG_WARN_RANGE_LOOP_ANALYSIS = YES;
				CLANG_WARN_STRICT_PROTOTYPES = YES;
				CLANG_WARN_SUSPICIOUS_MOVE = YES;
				CLANG_WARN_UNGUARDED_AVAILABILITY = YES_AGGRESSIVE;
				CLANG_WARN_UNREACHABLE_CODE = YES;
				CLANG_WARN__DUPLICATE_METHOD_MATCH = YES;
				COPY_PHASE_STRIP = NO;
				DEBUG_INFORMATION_FORMAT = "dwarf-with-dsym";
				ENABLE_NS_ASSERTIONS = NO;
				ENABLE_STRICT_OBJC_MSGSEND = YES;
				GCC_C_LANGUAGE_STANDARD = gnu11;
				GCC_NO_COMMON_BLOCKS = YES;
				GCC_WARN_64_TO_32_BIT_CONVERSION = YES;
				GCC_WARN_ABOUT_RETURN_TYPE = YES_ERROR;
				GCC_WARN_UNDECLARED_SELECTOR = YES;
				GCC_WARN_UNINITIALIZED_AUTOS = YES_AGGRESSIVE;
				GCC_WARN_UNUSED_FUNCTION = YES;
				GCC_WARN_UNUSED_VARIABLE = YES;
				IPHONEOS_DEPLOYMENT_TARGET = 14.3;
				MTL_ENABLE_DEBUG_INFO = NO;
				MTL_FAST_MATH = YES;
				SDKROOT = iphoneos;
				SWIFT_COMPILATION_MODE = wholemodule;
				SWIFT_OPTIMIZATION_LEVEL = "-O";
				VALIDATE_PRODUCT = YES;
			};
			name = Release;
		};
		BBC1EBE22658E86E00240A72 /* Debug */ = {
			isa = XCBuildConfiguration;
			buildSettings = {
				ASSETCATALOG_COMPILER_APPICON_NAME = AppIcon;
				ASSETCATALOG_COMPILER_GLOBAL_ACCENT_COLOR_NAME = AccentColor;
				CODE_SIGN_STYLE = Automatic;
				DEVELOPMENT_ASSET_PATHS = "\"Observable-Demo/Preview Content\"";
				DEVELOPMENT_TEAM = AXGLJDVNCY;
				ENABLE_PREVIEWS = YES;
				INFOPLIST_FILE = "Observable-Demo/Info.plist";
				IPHONEOS_DEPLOYMENT_TARGET = 14.0;
				LD_RUNPATH_SEARCH_PATHS = (
					"$(inherited)",
					"@executable_path/Frameworks",
				);
				PRODUCT_BUNDLE_IDENTIFIER = "com.binding.Observable-Demo";
				PRODUCT_NAME = "$(TARGET_NAME)";
				SWIFT_VERSION = 5.0;
				TARGETED_DEVICE_FAMILY = "1,2";
			};
			name = Debug;
		};
		BBC1EBE32658E86E00240A72 /* Release */ = {
			isa = XCBuildConfiguration;
			buildSettings = {
				ASSETCATALOG_COMPILER_APPICON_NAME = AppIcon;
				ASSETCATALOG_COMPILER_GLOBAL_ACCENT_COLOR_NAME = AccentColor;
				CODE_SIGN_STYLE = Automatic;
				DEVELOPMENT_ASSET_PATHS = "\"Observable-Demo/Preview Content\"";
				DEVELOPMENT_TEAM = AXGLJDVNCY;
				ENABLE_PREVIEWS = YES;
				INFOPLIST_FILE = "Observable-Demo/Info.plist";
				IPHONEOS_DEPLOYMENT_TARGET = 14.0;
				LD_RUNPATH_SEARCH_PATHS = (
					"$(inherited)",
					"@executable_path/Frameworks",
				);
				PRODUCT_BUNDLE_IDENTIFIER = "com.binding.Observable-Demo";
				PRODUCT_NAME = "$(TARGET_NAME)";
				SWIFT_VERSION = 5.0;
				TARGETED_DEVICE_FAMILY = "1,2";
			};
			name = Release;
		};
/* End XCBuildConfiguration section */

/* Begin XCConfigurationList section */
		BBC1EBCD2658E86D00240A72 /* Build configuration list for PBXProject "Observable-Demo" */ = {
			isa = XCConfigurationList;
			buildConfigurations = (
				BBC1EBDF2658E86E00240A72 /* Debug */,
				BBC1EBE02658E86E00240A72 /* Release */,
			);
			defaultConfigurationIsVisible = 0;
			defaultConfigurationName = Release;
		};
		BBC1EBE12658E86E00240A72 /* Build configuration list for PBXNativeTarget "Observable-Demo" */ = {
			isa = XCConfigurationList;
			buildConfigurations = (
				BBC1EBE22658E86E00240A72 /* Debug */,
				BBC1EBE32658E86E00240A72 /* Release */,
			);
			defaultConfigurationIsVisible = 0;
			defaultConfigurationName = Release;
		};
/* End XCConfigurationList section */
	};
	rootObject = BBC1EBCA2658E86D00240A72 /* Project object */;
}
